
Microsoft Visual Studio Solution File, Format Version 12.00
# Visual Studio Version 16
VisualStudioVersion = 16.0.29709.97
MinimumVisualStudioVersion = 10.0.40219.1
Project("{FAE04EC0-301F-11D3-BF4B-00C04F79EFBC}") = "RssReader.ConsoleApp", "RssReader.ConsoleApp\RssReader.ConsoleApp.csproj", "{84DCE7D9-CDE4-45CC-8066-1953153E73A7}"
EndProject
Project("{FAE04EC0-301F-11D3-BF4B-00C04F79EFBC}") = "RssReader.DataAccess", "RssReader.DataAccess\RssReader.DataAccess.csproj", "{C3042E5D-61A2-46B1-94E6-5C7B7E1B6FA9}"
EndProject
Project("{FAE04EC0-301F-11D3-BF4B-00C04F79EFBC}") = "RssReader.WebMVC", "RssReader.WebMVC\RssReader.WebMVC.csproj", "{3B38865C-E3DF-4C3D-8BE5-BE8123912847}"
EndProject
Project("{FAE04EC0-301F-11D3-BF4B-00C04F79EFBC}") = "RssReader.Services", "RssReader.Services\RssReader.Services.csproj", "{CCFAF5AE-52E9-48F3-8663-23AFFE2A192C}"
EndProject
Project("{FAE04EC0-301F-11D3-BF4B-00C04F79EFBC}") = "RssReader.Services.Models", "RssReader.Services.Models\RssReader.Services.Models.csproj", "{B9A2F7D5-95B5-4C86-884E-7699CA939C96}"
EndProject
Global
	GlobalSection(SolutionConfigurationPlatforms) = preSolution
		Debug|Any CPU = Debug|Any CPU
		Release|Any CPU = Release|Any CPU
	EndGlobalSection
	GlobalSection(ProjectConfigurationPlatforms) = postSolution
		{84DCE7D9-CDE4-45CC-8066-1953153E73A7}.Debug|Any CPU.ActiveCfg = Debug|Any CPU
		{84DCE7D9-CDE4-45CC-8066-1953153E73A7}.Debug|Any CPU.Build.0 = Debug|Any CPU
		{84DCE7D9-CDE4-45CC-8066-1953153E73A7}.Release|Any CPU.ActiveCfg = Release|Any CPU
		{84DCE7D9-CDE4-45CC-8066-1953153E73A7}.Release|Any CPU.Build.0 = Release|Any CPU
		{C3042E5D-61A2-46B1-94E6-5C7B7E1B6FA9}.Debug|Any CPU.ActiveCfg = Debug|Any CPU
		{C3042E5D-61A2-46B1-94E6-5C7B7E1B6FA9}.Debug|Any CPU.Build.0 = Debug|Any CPU
		{C3042E5D-61A2-46B1-94E6-5C7B7E1B6FA9}.Release|Any CPU.ActiveCfg = Release|Any CPU
		{C3042E5D-61A2-46B1-94E6-5C7B7E1B6FA9}.Release|Any CPU.Build.0 = Release|Any CPU
		{3B38865C-E3DF-4C3D-8BE5-BE8123912847}.Debug|Any CPU.ActiveCfg = Debug|Any CPU
		{3B38865C-E3DF-4C3D-8BE5-BE8123912847}.Debug|Any CPU.Build.0 = Debug|Any CPU
		{3B38865C-E3DF-4C3D-8BE5-BE8123912847}.Release|Any CPU.ActiveCfg = Release|Any CPU
		{3B38865C-E3DF-4C3D-8BE5-BE8123912847}.Release|Any CPU.Build.0 = Release|Any CPU
		{CCFAF5AE-52E9-48F3-8663-23AFFE2A192C}.Debug|Any CPU.ActiveCfg = Debug|Any CPU
		{CCFAF5AE-52E9-48F3-8663-23AFFE2A192C}.Debug|Any CPU.Build.0 = Debug|Any CPU
		{CCFAF5AE-52E9-48F3-8663-23AFFE2A192C}.Release|Any CPU.ActiveCfg = Release|Any CPU
		{CCFAF5AE-52E9-48F3-8663-23AFFE2A192C}.Release|Any CPU.Build.0 = Release|Any CPU
		{B9A2F7D5-95B5-4C86-884E-7699CA939C96}.Debug|Any CPU.ActiveCfg = Debug|Any CPU
		{B9A2F7D5-95B5-4C86-884E-7699CA939C96}.Debug|Any CPU.Build.0 = Debug|Any CPU
		{B9A2F7D5-95B5-4C86-884E-7699CA939C96}.Release|Any CPU.ActiveCfg = Release|Any CPU
		{B9A2F7D5-95B5-4C86-884E-7699CA939C96}.Release|Any CPU.Build.0 = Release|Any CPU
	EndGlobalSection
	GlobalSection(SolutionProperties) = preSolution
		HideSolutionNode = FALSE
	EndGlobalSection
	GlobalSection(ExtensibilityGlobals) = postSolution
		SolutionGuid = {FC62D36F-B84C-400D-8EAB-90A4BAE8ECFC}
	EndGlobalSection
EndGlobal
